{
  "name": "@zeeuw/bag-of-holding-client",
  "version": "0.6.0",
  "lockfileVersion": 3,
  "requires": true,
  "packages": {
    "": {
      "name": "@zeeuw/bag-of-holding-client",
      "version": "0.6.0",
      "license": "MPL-2.0",
      "engines": {
        "node": ">=22"
      },
      "peerDependencies": {
        "@zeeuw/bag-of-holding": ">=2.0.0"
      },
      "peerDependenciesMeta": {
        "@zeeuw/bag-of-holding": {
          "optional": true
        }
      }
    }
  }
}
